
Microsoft Visual Studio Solution File, Format Version 12.00
# Visual Studio Version 16
VisualStudioVersion = 16.0.30907.101
MinimumVisualStudioVersion = 10.0.40219.1
Project("{FAE04EC0-301F-11D3-BF4B-00C04F79EFBC}") = "CurrencyWrapper", "CurrencyWrapper.csproj", "{7BF101DD-1F96-41C6-9B6F-3B8DB285D6E9}"
EndProject
Project("{FAE04EC0-301F-11D3-BF4B-00C04F79EFBC}") = "CurrencyWrapper.Tests", "..\CurrencyWrapper.Tests\CurrencyWrapper.Tests.csproj", "{9E26A53E-DF62-4B65-96D6-2E2CC923996F}"
EndProject
Global
	GlobalSection(SolutionConfigurationPlatforms) = preSolution
		Debug|Any CPU = Debug|Any CPU
		Release|Any CPU = Release|Any CPU
	EndGlobalSection
	GlobalSection(ProjectConfigurationPlatforms) = postSolution
		{7BF101DD-1F96-41C6-9B6F-3B8DB285D6E9}.Debug|Any CPU.ActiveCfg = Debug|Any CPU
		{7BF101DD-1F96-41C6-9B6F-3B8DB285D6E9}.Debug|Any CPU.Build.0 = Debug|Any CPU
		{7BF101DD-1F96-41C6-9B6F-3B8DB285D6E9}.Release|Any CPU.ActiveCfg = Release|Any CPU
		{7BF101DD-1F96-41C6-9B6F-3B8DB285D6E9}.Release|Any CPU.Build.0 = Release|Any CPU
		{9E26A53E-DF62-4B65-96D6-2E2CC923996F}.Debug|Any CPU.ActiveCfg = Debug|Any CPU
		{9E26A53E-DF62-4B65-96D6-2E2CC923996F}.Debug|Any CPU.Build.0 = Debug|Any CPU
		{9E26A53E-DF62-4B65-96D6-2E2CC923996F}.Release|Any CPU.ActiveCfg = Release|Any CPU
		{9E26A53E-DF62-4B65-96D6-2E2CC923996F}.Release|Any CPU.Build.0 = Release|Any CPU
	EndGlobalSection
	GlobalSection(SolutionProperties) = preSolution
		HideSolutionNode = FALSE
	EndGlobalSection
	GlobalSection(ExtensibilityGlobals) = postSolution
		SolutionGuid = {72792E16-41BD-4929-A43B-9B749D440A40}
	EndGlobalSection
EndGlobal
